{
  "name": "@homebridgenet/host",
  "version": "0.1.0",
  "lockfileVersion": 3,
  "requires": true,
  "packages": {
    "": {
      "name": "@homebridgenet/host",
      "version": "0.1.0",
      "license": "MIT",
      "dependencies": {
        "node-api-dotnet": "0.9.21"
      },
      "engines": {
        "node": ">=18.0.0"
      }
    },
    "node_modules/node-api-dotnet": {
      "version": "0.9.21",
      "resolved": "https://registry.npmjs.org/node-api-dotnet/-/node-api-dotnet-0.9.21.tgz",
      "integrity": "sha512-04LsDXdcPwSe6n/2Ph0wDKPwJFTdiLImcfr0Ecg0Y3lJOSnBisgcXVTJ94/j1VA7sFnK4K2oWRQTP3O58StkZA==",
      "license": "MIT"
    }
  }
}
